version = 1
revision = 3
requires-python = ">=3.13"

[[package]]
name = "asgiref"
version = "3.11.0"
source = { registry = "https://pypi.org/simple" }
sdist = { url = "https://files.pythonhosted.org/packages/76/b9/4db2509eabd14b4a8c71d1b24c8d5734c52b8560a7b1e1a8b56c8d25568b/asgiref-3.11.0.tar.gz", hash = "sha256:13acff32519542a1736223fb79a715acdebe24286d98e8b164a73085f40da2c4", size = 37969, upload-time = "2025-11-19T15:32:20.106Z" }
wheels = [
    { url = "https://files.pythonhosted.org/packages/91/be/317c2c55b8bbec407257d45f5c8d1b6867abc76d12043f2d3d58c538a4ea/asgiref-3.11.0-py3-none-any.whl", hash = "sha256:1db9021efadb0d9512ce8ffaf72fcef601c7b73a8807a1bb2ef143dc6b14846d", size = 24096, upload-time = "2025-11-19T15:32:19.004Z" },
]

[[package]]
name = "datahub"
version = "0.1.0"
source = { virtual = "." }
dependencies = [
    { name = "django" },
    { name = "django-admin-sortable2" },
    { name = "django-crum" },
    { name = "django-jazzmin" },
    { name = "django-markdownx" },
    { name = "django-simple-history" },
    { name = "django-stubs" },
    { name = "markdown" },
    { name = "whitenoise" },
]

[package.dev-dependencies]
dev = [
    { name = "django-extensions" },
]

[package.metadata]
requires-dist = [
    { name = "django", specifier = ">=6.0" },
    { name = "django-admin-sortable2", specifier = ">=2.3.1" },
    { name = "django-crum", specifier = ">=0.7.9" },
    { name = "django-jazzmin", specifier = ">=3.0.1" },
    { name = "django-markdownx", specifier = ">=4.0.9" },
    { name = "django-simple-history", specifier = ">=3.11.0" },
    { name = "django-stubs", specifier = ">=5.2.8" },
    { name = "markdown", specifier = ">=3.10.2" },
    { name = "whitenoise", specifier = ">=6.11.0" },
]

[package.metadata.requires-dev]
dev = [{ name = "django-extensions", specifier = ">=4.1" }]

[[package]]
name = "django"
version = "6.0"
source = { registry = "https://pypi.org/simple" }
dependencies = [
    { name = "asgiref" },
    { name = "sqlparse" },
    { name = "tzdata", marker = "sys_platform == 'win32'" },
]
sdist = { url = "https://files.pythonhosted.org/packages/15/75/19762bfc4ea556c303d9af8e36f0cd910ab17dff6c8774644314427a2120/django-6.0.tar.gz", hash = "sha256:7b0c1f50c0759bbe6331c6a39c89ae022a84672674aeda908784617ef47d8e26", size = 10932418, upload-time = "2025-12-03T16:26:21.878Z" }
wheels = [
    { url = "https://files.pythonhosted.org/packages/d7/ae/f19e24789a5ad852670d6885f5480f5e5895576945fcc01817dfd9bc002a/django-6.0-py3-none-any.whl", hash = "sha256:1cc2c7344303bbfb7ba5070487c17f7fc0b7174bbb0a38cebf03c675f5f19b6d", size = 8339181, upload-time = "2025-12-03T16:26:16.231Z" },
]

[[package]]
name = "django-admin-sortable2"
version = "2.3.1"
source = { registry = "https://pypi.org/simple" }
dependencies = [
    { name = "django" },
]
sdist = { url = "https://files.pythonhosted.org/packages/e2/09/cc2d19412e47aaf627f54f9b5b544de73553bd71e25d417dd62e91b36edd/django_admin_sortable2-2.3.1.tar.gz", hash = "sha256:e397d08606f9e0da73e52661b841021ecab21be6f74783408e625ccddfe975af", size = 67497, upload-time = "2026-01-22T14:20:29.049Z" }
wheels = [
    { url = "https://files.pythonhosted.org/packages/c8/77/4396e853c3ee3b1264a2bb23f9b1934194ab750c6ecd30aa194b53dec7b9/django_admin_sortable2-2.3.1-py3-none-any.whl", hash = "sha256:5784f441f3532013438c3c3226fbccc39b9c733f867b26a5f477d6b05f734b93", size = 107015, upload-time = "2026-01-22T14:20:27.604Z" },
]

[[package]]
name = "django-crum"
version = "0.7.9"
source = { registry = "https://pypi.org/simple" }
dependencies = [
    { name = "django" },
]
sdist = { url = "https://files.pythonhosted.org/packages/34/1d/c56588f67130aeef8828e47535e8551337d2ae02f91f1414da61bc5e49fb/django-crum-0.7.9.tar.gz", hash = "sha256:65e9bc0f070a663fafc4d9e357f45fd4e6f01838b20a9e2fb7670f5706754288", size = 5168, upload-time = "2020-11-10T17:15:35.124Z" }
wheels = [
    { url = "https://files.pythonhosted.org/packages/cd/f9/8fad70a3bd011a6be7c5c6067278f006a25341eb39d901fbda307e26804c/django_crum-0.7.9-py2.py3-none-any.whl", hash = "sha256:037cc8b822975bb1d41cd24269b59a512cc77448fadc3f34ab9a17b229b4b471", size = 4714, upload-time = "2020-11-10T17:15:33.781Z" },
]

[[package]]
name = "django-extensions"
version = "4.1"
source = { registry = "https://pypi.org/simple" }
dependencies = [
    { name = "django" },
]
sdist = { url = "https://files.pythonhosted.org/packages/6d/b3/ed0f54ed706ec0b54fd251cc0364a249c6cd6c6ec97f04dc34be5e929eac/django_extensions-4.1.tar.gz", hash = "sha256:7b70a4d28e9b840f44694e3f7feb54f55d495f8b3fa6c5c0e5e12bcb2aa3cdeb", size = 283078, upload-time = "2025-04-11T01:15:39.617Z" }
wheels = [
    { url = "https://files.pythonhosted.org/packages/64/96/d967ca440d6a8e3861120f51985d8e5aec79b9a8bdda16041206adfe7adc/django_extensions-4.1-py3-none-any.whl", hash = "sha256:0699a7af28f2523bf8db309a80278519362cd4b6e1fd0a8cd4bf063e1e023336", size = 232980, upload-time = "2025-04-11T01:15:37.701Z" },
]

[[package]]
name = "django-jazzmin"
version = "3.0.1"
source = { registry = "https://pypi.org/simple" }
dependencies = [
    { name = "django" },
]
sdist = { url = "https://files.pythonhosted.org/packages/84/96/21b6255e90d92a3eb4e93bea9376635d54258e0353ebb913a55e40ae9254/django_jazzmin-3.0.1.tar.gz", hash = "sha256:67ae148bade41267a09ca8e4352ddefa6121795ebbac238bb9a6564ff841eb1b", size = 2053550, upload-time = "2024-10-08T17:40:59.771Z" }
wheels = [
    { url = "https://files.pythonhosted.org/packages/ad/5b/2f8c4b168e6c41bf1e4b14d787deb23d80f618f0693db913bbe208a4a907/django_jazzmin-3.0.1-py3-none-any.whl", hash = "sha256:12a0a4c1d4fd09c2eef22acf6a1f03112b515ba695c59faa8ea80efc81c1f21b", size = 2125957, upload-time = "2024-10-08T17:40:57.359Z" },
]

[[package]]
name = "django-markdownx"
version = "4.0.9"
source = { registry = "https://pypi.org/simple" }
dependencies = [
    { name = "django" },
    { name = "markdown" },
    { name = "pillow" },
]
sdist = { url = "https://files.pythonhosted.org/packages/4a/80/e4ff7b93b7518efe7fbe9b18ac5735b53fae943063df6fbef53bc454e045/django-markdownx-4.0.9.tar.gz", hash = "sha256:f82949beaddcaf5cbe765f580b1bf062b3aa5eea94633fdbbb6466514311a907", size = 32649, upload-time = "2025-04-23T12:13:32.864Z" }
wheels = [
    { url = "https://files.pythonhosted.org/packages/1a/76/53574402650befe1ee7b7bb2ddf49b2862a2a080c8042ff3c853922363bb/django_markdownx-4.0.9-py2.py3-none-any.whl", hash = "sha256:0e78759a8701073fee3e4883764a9bf1cdf3fe4c2941747acbe4f093f9285805", size = 42411, upload-time = "2025-04-23T12:13:31.554Z" },
]

[[package]]
name = "django-simple-history"
version = "3.11.0"
source = { registry = "https://pypi.org/simple" }
dependencies = [
    { name = "django" },
]
sdist = { url = "https://files.pythonhosted.org/packages/a8/11/410049f1454b99a78f719d3403fc89437c2a38ee092e939d5ab8d4846738/django_simple_history-3.11.0.tar.gz", hash = "sha256:2c587479cf2c3071e9aa555d0d11b73676994db4910770958f57659ade2deffe", size = 234862, upload-time = "2025-12-11T13:50:55.022Z" }
wheels = [
    { url = "https://files.pythonhosted.org/packages/6e/c2/e9854a3438cfc80891ab4d3826b7c61a0fe5ba3a4da89104a8f5c9afb5df/django_simple_history-3.11.0-py3-none-any.whl", hash = "sha256:f3c298db49e418ffce7fb709a5e83108452ea2179ec5c4b9232484c25427192a", size = 81868, upload-time = "2025-12-11T13:50:53.71Z" },
]

[[package]]
name = "django-stubs"
version = "5.2.8"
source = { registry = "https://pypi.org/simple" }
dependencies = [
    { name = "django" },
    { name = "django-stubs-ext" },
    { name = "types-pyyaml" },
    { name = "typing-extensions" },
]
sdist = { url = "https://files.pythonhosted.org/packages/6c/75/97626224fd8f1787bb6f7f06944efcfddd5da7764bf741cf7f59d102f4a0/django_stubs-5.2.8.tar.gz", hash = "sha256:9bba597c9a8ed8c025cae4696803d5c8be1cf55bfc7648a084cbf864187e2f8b", size = 257709, upload-time = "2025-12-01T08:13:09.569Z" }
wheels = [
    { url = "https://files.pythonhosted.org/packages/7d/3f/7c9543ad5ade5ce1d33d187a3abd82164570314ebee72c6206ab5c044ebf/django_stubs-5.2.8-py3-none-any.whl", hash = "sha256:a3c63119fd7062ac63d58869698d07c9e5ec0561295c4e700317c54e8d26716c", size = 508136, upload-time = "2025-12-01T08:13:07.963Z" },
]

[[package]]
name = "django-stubs-ext"
version = "5.2.8"
source = { registry = "https://pypi.org/simple" }
dependencies = [
    { name = "django" },
    { name = "typing-extensions" },
]
sdist = { url = "https://files.pythonhosted.org/packages/14/a2/d67f4a5200ff7626b104eddceaf529761cba4ed318a73ffdb0677551be73/django_stubs_ext-5.2.8.tar.gz", hash = "sha256:b39938c46d7a547cd84e4a6378dbe51a3dd64d70300459087229e5fee27e5c6b", size = 6487, upload-time = "2025-12-01T08:12:37.486Z" }
wheels = [
    { url = "https://files.pythonhosted.org/packages/da/2d/cb0151b780c3730cf0f2c0fcb1b065a5e88f877cf7a9217483c375353af1/django_stubs_ext-5.2.8-py3-none-any.whl", hash = "sha256:1dd5470c9675591362c78a157a3cf8aec45d0e7a7f0cf32f227a1363e54e0652", size = 9949, upload-time = "2025-12-01T08:12:36.397Z" },
]

[[package]]
name = "markdown"
version = "3.10.2"
source = { registry = "https://pypi.org/simple" }
sdist = { url = "https://files.pythonhosted.org/packages/2b/f4/69fa6ed85ae003c2378ffa8f6d2e3234662abd02c10d216c0ba96081a238/markdown-3.10.2.tar.gz", hash = "sha256:994d51325d25ad8aa7ce4ebaec003febcce822c3f8c911e3b17c52f7f589f950", size = 368805, upload-time = "2026-02-09T14:57:26.942Z" }
wheels = [
    { url = "https://files.pythonhosted.org/packages/de/1f/77fa3081e4f66ca3576c896ae5d31c3002ac6607f9747d2e3aa49227e464/markdown-3.10.2-py3-none-any.whl", hash = "sha256:e91464b71ae3ee7afd3017d9f358ef0baf158fd9a298db92f1d4761133824c36", size = 108180, upload-time = "2026-02-09T14:57:25.787Z" },
]

[[package]]
name = "pillow"
version = "12.1.1"
source = { registry = "https://pypi.org/simple" }
sdist = { url = "https://files.pythonhosted.org/packages/1f/42/5c74462b4fd957fcd7b13b04fb3205ff8349236ea74c7c375766d6c82288/pillow-12.1.1.tar.gz", hash = "sha256:9ad8fa5937ab05218e2b6a4cff30295ad35afd2f83ac592e68c0d871bb0fdbc4", size = 46980264, upload-time = "2026-02-11T04:23:07.146Z" }
wheels = [
    { url = "https://files.pythonhosted.org/packages/d5/11/6db24d4bd7685583caeae54b7009584e38da3c3d4488ed4cd25b439de486/pillow-12.1.1-cp313-cp313-ios_13_0_arm64_iphoneos.whl", hash = "sha256:d242e8ac078781f1de88bf823d70c1a9b3c7950a44cdf4b7c012e22ccbcd8e4e", size = 4062689, upload-time = "2026-02-11T04:21:06.804Z" },
    { url = "https://files.pythonhosted.org/packages/33/c0/ce6d3b1fe190f0021203e0d9b5b99e57843e345f15f9ef22fcd43842fd21/pillow-12.1.1-cp313-cp313-ios_13_0_arm64_iphonesimulator.whl", hash = "sha256:02f84dfad02693676692746df05b89cf25597560db2857363a208e393429f5e9", size = 4138535, upload-time = "2026-02-11T04:21:08.452Z" },
    { url = "https://files.pythonhosted.org/packages/a0/c6/d5eb6a4fb32a3f9c21a8c7613ec706534ea1cf9f4b3663e99f0d83f6fca8/pillow-12.1.1-cp313-cp313-ios_13_0_x86_64_iphonesimulator.whl", hash = "sha256:e65498daf4b583091ccbb2556c7000abf0f3349fcd57ef7adc9a84a394ed29f6", size = 3601364, upload-time = "2026-02-11T04:21:10.194Z" },
    { url = "https://files.pythonhosted.org/packages/14/a1/16c4b823838ba4c9c52c0e6bbda903a3fe5a1bdbf1b8eb4fff7156f3e318/pillow-12.1.1-cp313-cp313-macosx_10_13_x86_64.whl", hash = "sha256:6c6db3b84c87d48d0088943bf33440e0c42370b99b1c2a7989216f7b42eede60", size = 5262561, upload-time = "2026-02-11T04:21:11.742Z" },
    { url = "https://files.pythonhosted.org/packages/bb/ad/ad9dc98ff24f485008aa5cdedaf1a219876f6f6c42a4626c08bc4e80b120/pillow-12.1.1-cp313-cp313-macosx_11_0_arm64.whl", hash = "sha256:8b7e5304e34942bf62e15184219a7b5ad4ff7f3bb5cca4d984f37df1a0e1aee2", size = 4657460, upload-time = "2026-02-11T04:21:13.786Z" },
    { url = "https://files.pythonhosted.org/packages/9e/1b/f1a4ea9a895b5732152789326202a82464d5254759fbacae4deea3069334/pillow-12.1.1-cp313-cp313-manylinux2014_aarch64.manylinux_2_17_aarch64.whl", hash = "sha256:18e5bddd742a44b7e6b1e773ab5db102bd7a94c32555ba656e76d319d19c3850", size = 6232698, upload-time = "2026-02-11T04:21:15.949Z" },
    { url = "https://files.pythonhosted.org/packages/95/f4/86f51b8745070daf21fd2e5b1fe0eb35d4db9ca26e6d58366562fb56a743/pillow-12.1.1-cp313-cp313-manylinux2014_x86_64.manylinux_2_17_x86_64.whl", hash = "sha256:fc44ef1f3de4f45b50ccf9136999d71abb99dca7706bc75d222ed350b9fd2289", size = 8041706, upload-time = "2026-02-11T04:21:17.723Z" },
    { url = "https://files.pythonhosted.org/packages/29/9b/d6ecd956bb1266dd1045e995cce9b8d77759e740953a1c9aad9502a0461e/pillow-12.1.1-cp313-cp313-manylinux_2_27_aarch64.manylinux_2_28_aarch64.whl", hash = "sha256:5a8eb7ed8d4198bccbd07058416eeec51686b498e784eda166395a23eb99138e", size = 6346621, upload-time = "2026-02-11T04:21:19.547Z" },
    { url = "https://files.pythonhosted.org/packages/71/24/538bff45bde96535d7d998c6fed1a751c75ac7c53c37c90dc2601b243893/pillow-12.1.1-cp313-cp313-manylinux_2_27_x86_64.manylinux_2_28_x86_64.whl", hash = "sha256:47b94983da0c642de92ced1702c5b6c292a84bd3a8e1d1702ff923f183594717", size = 7038069, upload-time = "2026-02-11T04:21:21.378Z" },
    { url = "https://files.pythonhosted.org/packages/94/0e/58cb1a6bc48f746bc4cb3adb8cabff73e2742c92b3bf7a220b7cf69b9177/pillow-12.1.1-cp313-cp313-musllinux_1_2_aarch64.whl", hash = "sha256:518a48c2aab7ce596d3bf79d0e275661b846e86e4d0e7dec34712c30fe07f02a", size = 6460040, upload-time = "2026-02-11T04:21:23.148Z" },
    { url = "https://files.pythonhosted.org/packages/6c/57/9045cb3ff11eeb6c1adce3b2d60d7d299d7b273a2e6c8381a524abfdc474/pillow-12.1.1-cp313-cp313-musllinux_1_2_x86_64.whl", hash = "sha256:a550ae29b95c6dc13cf69e2c9dc5747f814c54eeb2e32d683e5e93af56caa029", size = 7164523, upload-time = "2026-02-11T04:21:25.01Z" },
    { url = "https://files.pythonhosted.org/packages/73/f2/9be9cb99f2175f0d4dbadd6616ce1bf068ee54a28277ea1bf1fbf729c250/pillow-12.1.1-cp313-cp313-win32.whl", hash = "sha256:a003d7422449f6d1e3a34e3dd4110c22148336918ddbfc6a32581cd54b2e0b2b", size = 6332552, upload-time = "2026-02-11T04:21:27.238Z" },
    { url = "https://files.pythonhosted.org/packages/3f/eb/b0834ad8b583d7d9d42b80becff092082a1c3c156bb582590fcc973f1c7c/pillow-12.1.1-cp313-cp313-win_amd64.whl", hash = "sha256:344cf1e3dab3be4b1fa08e449323d98a2a3f819ad20f4b22e77a0ede31f0faa1", size = 7040108, upload-time = "2026-02-11T04:21:29.462Z" },
    { url = "https://files.pythonhosted.org/packages/d5/7d/fc09634e2aabdd0feabaff4a32f4a7d97789223e7c2042fd805ea4b4d2c2/pillow-12.1.1-cp313-cp313-win_arm64.whl", hash = "sha256:5c0dd1636633e7e6a0afe7bf6a51a14992b7f8e60de5789018ebbdfae55b040a", size = 2453712, upload-time = "2026-02-11T04:21:31.072Z" },
    { url = "https://files.pythonhosted.org/packages/19/2a/b9d62794fc8a0dd14c1943df68347badbd5511103e0d04c035ffe5cf2255/pillow-12.1.1-cp313-cp313t-macosx_10_13_x86_64.whl", hash = "sha256:0330d233c1a0ead844fc097a7d16c0abff4c12e856c0b325f231820fee1f39da", size = 5264880, upload-time = "2026-02-11T04:21:32.865Z" },
    { url = "https://files.pythonhosted.org/packages/26/9d/e03d857d1347fa5ed9247e123fcd2a97b6220e15e9cb73ca0a8d91702c6e/pillow-12.1.1-cp313-cp313t-macosx_11_0_arm64.whl", hash = "sha256:5dae5f21afb91322f2ff791895ddd8889e5e947ff59f71b46041c8ce6db790bc", size = 4660616, upload-time = "2026-02-11T04:21:34.97Z" },
    { url = "https://files.pythonhosted.org/packages/f7/ec/8a6d22afd02570d30954e043f09c32772bfe143ba9285e2fdb11284952cd/pillow-12.1.1-cp313-cp313t-manylinux2014_aarch64.manylinux_2_17_aarch64.whl", hash = "sha256:2e0c664be47252947d870ac0d327fea7e63985a08794758aa8af5b6cb6ec0c9c", size = 6269008, upload-time = "2026-02-11T04:21:36.623Z" },
    { url = "https://files.pythonhosted.org/packages/3d/1d/6d875422c9f28a4a361f495a5f68d9de4a66941dc2c619103ca335fa6446/pillow-12.1.1-cp313-cp313t-manylinux2014_x86_64.manylinux_2_17_x86_64.whl", hash = "sha256:691ab2ac363b8217f7d31b3497108fb1f50faab2f75dfb03284ec2f217e87bf8", size = 8073226, upload-time = "2026-02-11T04:21:38.585Z" },
    { url = "https://files.pythonhosted.org/packages/a1/cd/134b0b6ee5eda6dc09e25e24b40fdafe11a520bc725c1d0bbaa5e00bf95b/pillow-12.1.1-cp313-cp313t-manylinux_2_27_aarch64.manylinux_2_28_aarch64.whl", hash = "sha256:e9e8064fb1cc019296958595f6db671fba95209e3ceb0c4734c9baf97de04b20", size = 6380136, upload-time = "2026-02-11T04:21:40.562Z" },
    { url = "https://files.pythonhosted.org/packages/7a/a9/7628f013f18f001c1b98d8fffe3452f306a70dc6aba7d931019e0492f45e/pillow-12.1.1-cp313-cp313t-manylinux_2_27_x86_64.manylinux_2_28_x86_64.whl", hash = "sha256:472a8d7ded663e6162dafdf20015c486a7009483ca671cece7a9279b512fcb13", size = 7067129, upload-time = "2026-02-11T04:21:42.521Z" },
    { url = "https://files.pythonhosted.org/packages/1e/f8/66ab30a2193b277785601e82ee2d49f68ea575d9637e5e234faaa98efa4c/pillow-12.1.1-cp313-cp313t-musllinux_1_2_aarch64.whl", hash = "sha256:89b54027a766529136a06cfebeecb3a04900397a3590fd252160b888479517bf", size = 6491807, upload-time = "2026-02-11T04:21:44.22Z" },
    { url = "https://files.pythonhosted.org/packages/da/0b/a877a6627dc8318fdb84e357c5e1a758c0941ab1ddffdafd231983788579/pillow-12.1.1-cp313-cp313t-musllinux_1_2_x86_64.whl", hash = "sha256:86172b0831b82ce4f7877f280055892b31179e1576aa00d0df3bb1bbf8c3e524", size = 7190954, upload-time = "2026-02-11T04:21:46.114Z" },
    { url = "https://files.pythonhosted.org/packages/83/43/6f732ff85743cf746b1361b91665d9f5155e1483817f693f8d57ea93147f/pillow-12.1.1-cp313-cp313t-win32.whl", hash = "sha256:44ce27545b6efcf0fdbdceb31c9a5bdea9333e664cda58a7e674bb74608b3986", size = 6336441, upload-time = "2026-02-11T04:21:48.22Z" },
    { url = "https://files.pythonhosted.org/packages/3b/44/e865ef3986611bb75bfabdf94a590016ea327833f434558801122979cd0e/pillow-12.1.1-cp313-cp313t-win_amd64.whl", hash = "sha256:a285e3eb7a5a45a2ff504e31f4a8d1b12ef62e84e5411c6804a42197c1cf586c", size = 7045383, upload-time = "2026-02-11T04:21:50.015Z" },
    { url = "https://files.pythonhosted.org/packages/a8/c6/f4fb24268d0c6908b9f04143697ea18b0379490cb74ba9e8d41b898bd005/pillow-12.1.1-cp313-cp313t-win_arm64.whl", hash = "sha256:cc7d296b5ea4d29e6570dabeaed58d31c3fea35a633a69679fb03d7664f43fb3", size = 2456104, upload-time = "2026-02-11T04:21:51.633Z" },
    { url = "https://files.pythonhosted.org/packages/03/d0/bebb3ffbf31c5a8e97241476c4cf8b9828954693ce6744b4a2326af3e16b/pillow-12.1.1-cp314-cp314-ios_13_0_arm64_iphoneos.whl", hash = "sha256:417423db963cb4be8bac3fc1204fe61610f6abeed1580a7a2cbb2fbda20f12af", size = 4062652, upload-time = "2026-02-11T04:21:53.19Z" },
    { url = "https://files.pythonhosted.org/packages/2d/c0/0e16fb0addda4851445c28f8350d8c512f09de27bbb0d6d0bbf8b6709605/pillow-12.1.1-cp314-cp314-ios_13_0_arm64_iphonesimulator.whl", hash = "sha256:b957b71c6b2387610f556a7eb0828afbe40b4a98036fc0d2acfa5a44a0c2036f", size = 4138823, upload-time = "2026-02-11T04:22:03.088Z" },
    { url = "https://files.pythonhosted.org/packages/6b/fb/6170ec655d6f6bb6630a013dd7cf7bc218423d7b5fa9071bf63dc32175ae/pillow-12.1.1-cp314-cp314-ios_13_0_x86_64_iphonesimulator.whl", hash = "sha256:097690ba1f2efdeb165a20469d59d8bb03c55fb6621eb2041a060ae8ea3e9642", size = 3601143, upload-time = "2026-02-11T04:22:04.909Z" },
    { url = "https://files.pythonhosted.org/packages/59/04/dc5c3f297510ba9a6837cbb318b87dd2b8f73eb41a43cc63767f65cb599c/pillow-12.1.1-cp314-cp314-macosx_10_15_x86_64.whl", hash = "sha256:2815a87ab27848db0321fb78c7f0b2c8649dee134b7f2b80c6a45c6831d75ccd", size = 5266254, upload-time = "2026-02-11T04:22:07.656Z" },
    { url = "https://files.pythonhosted.org/packages/05/30/5db1236b0d6313f03ebf97f5e17cda9ca060f524b2fcc875149a8360b21c/pillow-12.1.1-cp314-cp314-macosx_11_0_arm64.whl", hash = "sha256:f7ed2c6543bad5a7d5530eb9e78c53132f93dfa44a28492db88b41cdab885202", size = 4657499, upload-time = "2026-02-11T04:22:09.613Z" },
    { url = "https://files.pythonhosted.org/packages/6f/18/008d2ca0eb612e81968e8be0bbae5051efba24d52debf930126d7eaacbba/pillow-12.1.1-cp314-cp314-manylinux2014_aarch64.manylinux_2_17_aarch64.whl", hash = "sha256:652a2c9ccfb556235b2b501a3a7cf3742148cd22e04b5625c5fe057ea3e3191f", size = 6232137, upload-time = "2026-02-11T04:22:11.434Z" },
    { url = "https://files.pythonhosted.org/packages/70/f1/f14d5b8eeb4b2cd62b9f9f847eb6605f103df89ef619ac68f92f748614ea/pillow-12.1.1-cp314-cp314-manylinux2014_x86_64.manylinux_2_17_x86_64.whl", hash = "sha256:d6e4571eedf43af33d0fc233a382a76e849badbccdf1ac438841308652a08e1f", size = 8042721, upload-time = "2026-02-11T04:22:13.321Z" },
    { url = "https://files.pythonhosted.org/packages/5a/d6/17824509146e4babbdabf04d8171491fa9d776f7061ff6e727522df9bd03/pillow-12.1.1-cp314-cp314-manylinux_2_27_aarch64.manylinux_2_28_aarch64.whl", hash = "sha256:b574c51cf7d5d62e9be37ba446224b59a2da26dc4c1bb2ecbe936a4fb1a7cb7f", size = 6347798, upload-time = "2026-02-11T04:22:15.449Z" },
    { url = "https://files.pythonhosted.org/packages/d1/ee/c85a38a9ab92037a75615aba572c85ea51e605265036e00c5b67dfafbfe2/pillow-12.1.1-cp314-cp314-manylinux_2_27_x86_64.manylinux_2_28_x86_64.whl", hash = "sha256:a37691702ed687799de29a518d63d4682d9016932db66d4e90c345831b02fb4e", size = 7039315, upload-time = "2026-02-11T04:22:17.24Z" },
    { url = "https://files.pythonhosted.org/packages/ec/f3/bc8ccc6e08a148290d7523bde4d9a0d6c981db34631390dc6e6ec34cacf6/pillow-12.1.1-cp314-cp314-musllinux_1_2_aarch64.whl", hash = "sha256:f95c00d5d6700b2b890479664a06e754974848afaae5e21beb4d83c106923fd0", size = 6462360, upload-time = "2026-02-11T04:22:19.111Z" },
    { url = "https://files.pythonhosted.org/packages/f6/ab/69a42656adb1d0665ab051eec58a41f169ad295cf81ad45406963105408f/pillow-12.1.1-cp314-cp314-musllinux_1_2_x86_64.whl", hash = "sha256:559b38da23606e68681337ad74622c4dbba02254fc9cb4488a305dd5975c7eeb", size = 7165438, upload-time = "2026-02-11T04:22:21.041Z" },
    { url = "https://files.pythonhosted.org/packages/02/46/81f7aa8941873f0f01d4b55cc543b0a3d03ec2ee30d617a0448bf6bd6dec/pillow-12.1.1-cp314-cp314-win32.whl", hash = "sha256:03edcc34d688572014ff223c125a3f77fb08091e4607e7745002fc214070b35f", size = 6431503, upload-time = "2026-02-11T04:22:22.833Z" },
    { url = "https://files.pythonhosted.org/packages/40/72/4c245f7d1044b67affc7f134a09ea619d4895333d35322b775b928180044/pillow-12.1.1-cp314-cp314-win_amd64.whl", hash = "sha256:50480dcd74fa63b8e78235957d302d98d98d82ccbfac4c7e12108ba9ecbdba15", size = 7176748, upload-time = "2026-02-11T04:22:24.64Z" },
    { url = "https://files.pythonhosted.org/packages/e4/ad/8a87bdbe038c5c698736e3348af5c2194ffb872ea52f11894c95f9305435/pillow-12.1.1-cp314-cp314-win_arm64.whl", hash = "sha256:5cb1785d97b0c3d1d1a16bc1d710c4a0049daefc4935f3a8f31f827f4d3d2e7f", size = 2544314, upload-time = "2026-02-11T04:22:26.685Z" },
    { url = "https://files.pythonhosted.org/packages/6c/9d/efd18493f9de13b87ede7c47e69184b9e859e4427225ea962e32e56a49bc/pillow-12.1.1-cp314-cp314t-macosx_10_15_x86_64.whl", hash = "sha256:1f90cff8aa76835cba5769f0b3121a22bd4eb9e6884cfe338216e557a9a548b8", size = 5268612, upload-time = "2026-02-11T04:22:29.884Z" },
    { url = "https://files.pythonhosted.org/packages/f8/f1/4f42eb2b388eb2ffc660dcb7f7b556c1015c53ebd5f7f754965ef997585b/pillow-12.1.1-cp314-cp314t-macosx_11_0_arm64.whl", hash = "sha256:1f1be78ce9466a7ee64bfda57bdba0f7cc499d9794d518b854816c41bf0aa4e9", size = 4660567, upload-time = "2026-02-11T04:22:31.799Z" },
    { url = "https://files.pythonhosted.org/packages/01/54/df6ef130fa43e4b82e32624a7b821a2be1c5653a5fdad8469687a7db4e00/pillow-12.1.1-cp314-cp314t-manylinux2014_aarch64.manylinux_2_17_aarch64.whl", hash = "sha256:42fc1f4677106188ad9a55562bbade416f8b55456f522430fadab3cef7cd4e60", size = 6269951, upload-time = "2026-02-11T04:22:33.921Z" },
    { url = "https://files.pythonhosted.org/packages/a9/48/618752d06cc44bb4aae8ce0cd4e6426871929ed7b46215638088270d9b34/pillow-12.1.1-cp314-cp314t-manylinux2014_x86_64.manylinux_2_17_x86_64.whl", hash = "sha256:98edb152429ab62a1818039744d8fbb3ccab98a7c29fc3d5fcef158f3f1f68b7", size = 8074769, upload-time = "2026-02-11T04:22:35.877Z" },
    { url = "https://files.pythonhosted.org/packages/c3/bd/f1d71eb39a72fa088d938655afba3e00b38018d052752f435838961127d8/pillow-12.1.1-cp314-cp314t-manylinux_2_27_aarch64.manylinux_2_28_aarch64.whl", hash = "sha256:d470ab1178551dd17fdba0fef463359c41aaa613cdcd7ff8373f54be629f9f8f", size = 6381358, upload-time = "2026-02-11T04:22:37.698Z" },
    { url = "https://files.pythonhosted.org/packages/64/ef/c784e20b96674ed36a5af839305f55616f8b4f8aa8eeccf8531a6e312243/pillow-12.1.1-cp314-cp314t-manylinux_2_27_x86_64.manylinux_2_28_x86_64.whl", hash = "sha256:6408a7b064595afcab0a49393a413732a35788f2a5092fdc6266952ed67de586", size = 7068558, upload-time = "2026-02-11T04:22:39.597Z" },
    { url = "https://files.pythonhosted.org/packages/73/cb/8059688b74422ae61278202c4e1ad992e8a2e7375227be0a21c6b87ca8d5/pillow-12.1.1-cp314-cp314t-musllinux_1_2_aarch64.whl", hash = "sha256:5d8c41325b382c07799a3682c1c258469ea2ff97103c53717b7893862d0c98ce", size = 6493028, upload-time = "2026-02-11T04:22:42.73Z" },
    { url = "https://files.pythonhosted.org/packages/c6/da/e3c008ed7d2dd1f905b15949325934510b9d1931e5df999bb15972756818/pillow-12.1.1-cp314-cp314t-musllinux_1_2_x86_64.whl", hash = "sha256:c7697918b5be27424e9ce568193efd13d925c4481dd364e43f5dff72d33e10f8", size = 7191940, upload-time = "2026-02-11T04:22:44.543Z" },
    { url = "https://files.pythonhosted.org/packages/01/4a/9202e8d11714c1fc5951f2e1ef362f2d7fbc595e1f6717971d5dd750e969/pillow-12.1.1-cp314-cp314t-win32.whl", hash = "sha256:d2912fd8114fc5545aa3a4b5576512f64c55a03f3ebcca4c10194d593d43ea36", size = 6438736, upload-time = "2026-02-11T04:22:46.347Z" },
    { url = "https://files.pythonhosted.org/packages/f3/ca/cbce2327eb9885476b3957b2e82eb12c866a8b16ad77392864ad601022ce/pillow-12.1.1-cp314-cp314t-win_amd64.whl", hash = "sha256:4ceb838d4bd9dab43e06c363cab2eebf63846d6a4aeaea283bbdfd8f1a8ed58b", size = 7182894, upload-time = "2026-02-11T04:22:48.114Z" },
    { url = "https://files.pythonhosted.org/packages/ec/d2/de599c95ba0a973b94410477f8bf0b6f0b5e67360eb89bcb1ad365258beb/pillow-12.1.1-cp314-cp314t-win_arm64.whl", hash = "sha256:7b03048319bfc6170e93bd60728a1af51d3dd7704935feb228c4d4faab35d334", size = 2546446, upload-time = "2026-02-11T04:22:50.342Z" },
]

[[package]]
name = "sqlparse"
version = "0.5.5"
source = { registry = "https://pypi.org/simple" }
sdist = { url = "https://files.pythonhosted.org/packages/90/76/437d71068094df0726366574cf3432a4ed754217b436eb7429415cf2d480/sqlparse-0.5.5.tar.gz", hash = "sha256:e20d4a9b0b8585fdf63b10d30066c7c94c5d7a7ec47c889a2d83a3caa93ff28e", size = 120815, upload-time = "2025-12-19T07:17:45.073Z" }
wheels = [
    { url = "https://files.pythonhosted.org/packages/49/4b/359f28a903c13438ef59ebeee215fb25da53066db67b305c125f1c6d2a25/sqlparse-0.5.5-py3-none-any.whl", hash = "sha256:12a08b3bf3eec877c519589833aed092e2444e68240a3577e8e26148acc7b1ba", size = 46138, upload-time = "2025-12-19T07:17:46.573Z" },
]

[[package]]
name = "types-pyyaml"
version = "6.0.12.20250915"
source = { registry = "https://pypi.org/simple" }
sdist = { url = "https://files.pythonhosted.org/packages/7e/69/3c51b36d04da19b92f9e815be12753125bd8bc247ba0470a982e6979e71c/types_pyyaml-6.0.12.20250915.tar.gz", hash = "sha256:0f8b54a528c303f0e6f7165687dd33fafa81c807fcac23f632b63aa624ced1d3", size = 17522, upload-time = "2025-09-15T03:01:00.728Z" }
wheels = [
    { url = "https://files.pythonhosted.org/packages/bd/e0/1eed384f02555dde685fff1a1ac805c1c7dcb6dd019c916fe659b1c1f9ec/types_pyyaml-6.0.12.20250915-py3-none-any.whl", hash = "sha256:e7d4d9e064e89a3b3cae120b4990cd370874d2bf12fa5f46c97018dd5d3c9ab6", size = 20338, upload-time = "2025-09-15T03:00:59.218Z" },
]

[[package]]
name = "typing-extensions"
version = "4.15.0"
source = { registry = "https://pypi.org/simple" }
sdist = { url = "https://files.pythonhosted.org/packages/72/94/1a15dd82efb362ac84269196e94cf00f187f7ed21c242792a923cdb1c61f/typing_extensions-4.15.0.tar.gz", hash = "sha256:0cea48d173cc12fa28ecabc3b837ea3cf6f38c6d1136f85cbaaf598984861466", size = 109391, upload-time = "2025-08-25T13:49:26.313Z" }
wheels = [
    { url = "https://files.pythonhosted.org/packages/18/67/36e9267722cc04a6b9f15c7f3441c2363321a3ea07da7ae0c0707beb2a9c/typing_extensions-4.15.0-py3-none-any.whl", hash = "sha256:f0fa19c6845758ab08074a0cfa8b7aecb71c999ca73d62883bc25cc018c4e548", size = 44614, upload-time = "2025-08-25T13:49:24.86Z" },
]

[[package]]
name = "tzdata"
version = "2025.3"
source = { registry = "https://pypi.org/simple" }
sdist = { url = "https://files.pythonhosted.org/packages/5e/a7/c202b344c5ca7daf398f3b8a477eeb205cf3b6f32e7ec3a6bac0629ca975/tzdata-2025.3.tar.gz", hash = "sha256:de39c2ca5dc7b0344f2eba86f49d614019d29f060fc4ebc8a417896a620b56a7", size = 196772, upload-time = "2025-12-13T17:45:35.667Z" }
wheels = [
    { url = "https://files.pythonhosted.org/packages/c7/b0/003792df09decd6849a5e39c28b513c06e84436a54440380862b5aeff25d/tzdata-2025.3-py2.py3-none-any.whl", hash = "sha256:06a47e5700f3081aab02b2e513160914ff0694bce9947d6b76ebd6bf57cfc5d1", size = 348521, upload-time = "2025-12-13T17:45:33.889Z" },
]

[[package]]
name = "whitenoise"
version = "6.11.0"
source = { registry = "https://pypi.org/simple" }
sdist = { url = "https://files.pythonhosted.org/packages/15/95/8c81ec6b6ebcbf8aca2de7603070ccf37dbb873b03f20708e0f7c1664bc6/whitenoise-6.11.0.tar.gz", hash = "sha256:0f5bfce6061ae6611cd9396a8231e088722e4fc67bc13a111be74c738d99375f", size = 26432, upload-time = "2025-09-18T09:16:10.995Z" }
wheels = [
    { url = "https://files.pythonhosted.org/packages/6c/e9/4366332f9295fe0647d7d3251ce18f5615fbcb12d02c79a26f8dba9221b3/whitenoise-6.11.0-py3-none-any.whl", hash = "sha256:b2aeb45950597236f53b5342b3121c5de69c8da0109362aee506ce88e022d258", size = 20197, upload-time = "2025-09-18T09:16:09.754Z" },
]
